
Microsoft Visual Studio Solution File, Format Version 12.00
# Visual Studio Version 17
VisualStudioVersion = 17.2.32602.215
MinimumVisualStudioVersion = 10.0.40219.1
Project("{FAE04EC0-301F-11D3-BF4B-00C04F79EFBC}") = "ErenDenemeProje1", "ErenDenemeProje\ErenDenemeProje1.csproj", "{F071CCAF-F36B-4F5A-8311-F231362A43EA}"
EndProject
Global
	GlobalSection(SolutionConfigurationPlatforms) = preSolution
		Debug|Any CPU = Debug|Any CPU
		Release|Any CPU = Release|Any CPU
	EndGlobalSection
	GlobalSection(ProjectConfigurationPlatforms) = postSolution
		{F071CCAF-F36B-4F5A-8311-F231362A43EA}.Debug|Any CPU.ActiveCfg = Debug|Any CPU
		{F071CCAF-F36B-4F5A-8311-F231362A43EA}.Debug|Any CPU.Build.0 = Debug|Any CPU
		{F071CCAF-F36B-4F5A-8311-F231362A43EA}.Release|Any CPU.ActiveCfg = Release|Any CPU
		{F071CCAF-F36B-4F5A-8311-F231362A43EA}.Release|Any CPU.Build.0 = Release|Any CPU
	EndGlobalSection
	GlobalSection(SolutionProperties) = preSolution
		HideSolutionNode = FALSE
	EndGlobalSection
	GlobalSection(ExtensibilityGlobals) = postSolution
		SolutionGuid = {9189F2FC-B215-4016-B659-4355C1333497}
	EndGlobalSection
EndGlobal
